// !$*UTF8*$!
{
	archiveVersion = 1;
	classes = {
	};
	objectVersion = 50;
	objects = {

/* Begin PBXBuildFile section */
		192D706F226BB2BD00AE7402 /* art.scnassets in Resources */ = {isa = PBXBuildFile; fileRef = 192D706E226BB2BD00AE7402 /* art.scnassets */; };
		19651BC822679D7900ABC88A /* Connection.swift in Sources */ = {isa = PBXBuildFile; fileRef = 19651BC722679D7900ABC88A /* Connection.swift */; };
		724BAC2341C66431ECDA28E3 /* Pods_Bubbles_App.framework in Frameworks */ = {isa = PBXBuildFile; fileRef = A788A3B5A627B8616D380F0B /* Pods_Bubbles_App.framework */; };
		E856AAB52261046400F59F37 /* ConfigViewController.swift in Sources */ = {isa = PBXBuildFile; fileRef = E856AAB42261046400F59F37 /* ConfigViewController.swift */; };
		E883781D224FA60A003737C0 /* GoogleService-Info.plist in Resources */ = {isa = PBXBuildFile; fileRef = E883781C224FA60A003737C0 /* GoogleService-Info.plist */; };
		E8CDC1A9224EBA96006526EA /* AppDelegate.swift in Sources */ = {isa = PBXBuildFile; fileRef = E8CDC1A8224EBA96006526EA /* AppDelegate.swift */; };
		E8CDC1AB224EBA96006526EA /* ViewController.swift in Sources */ = {isa = PBXBuildFile; fileRef = E8CDC1AA224EBA96006526EA /* ViewController.swift */; };
		E8CDC1AE224EBA96006526EA /* Main.storyboard in Resources */ = {isa = PBXBuildFile; fileRef = E8CDC1AC224EBA96006526EA /* Main.storyboard */; };
		E8CDC1B0224EBA9C006526EA /* Assets.xcassets in Resources */ = {isa = PBXBuildFile; fileRef = E8CDC1AF224EBA9C006526EA /* Assets.xcassets */; };
		E8CDC1B3224EBA9C006526EA /* LaunchScreen.storyboard in Resources */ = {isa = PBXBuildFile; fileRef = E8CDC1B1224EBA9C006526EA /* LaunchScreen.storyboard */; };
		E8CDC1C2224EBB23006526EA /* Options.swift in Sources */ = {isa = PBXBuildFile; fileRef = E8CDC1BA224EBB22006526EA /* Options.swift */; };
		E8CDC1C3224EBB23006526EA /* PhotoView.swift in Sources */ = {isa = PBXBuildFile; fileRef = E8CDC1BB224EBB22006526EA /* PhotoView.swift */; };
		E8CDC1C4224EBB23006526EA /* Tutorial.swift in Sources */ = {isa = PBXBuildFile; fileRef = E8CDC1BC224EBB22006526EA /* Tutorial.swift */; };
		E8CDC1C5224EBB23006526EA /* ColorPicker.swift in Sources */ = {isa = PBXBuildFile; fileRef = E8CDC1BD224EBB22006526EA /* ColorPicker.swift */; };
		E8CDC1C6224EBB23006526EA /* Utils.swift in Sources */ = {isa = PBXBuildFile; fileRef = E8CDC1BE224EBB22006526EA /* Utils.swift */; };
		E8CDC1C7224EBB23006526EA /* BblExplosionParticle.swift in Sources */ = {isa = PBXBuildFile; fileRef = E8CDC1BF224EBB22006526EA /* BblExplosionParticle.swift */; };
		E8CDC1C8224EBB23006526EA /* Bubble.swift in Sources */ = {isa = PBXBuildFile; fileRef = E8CDC1C0224EBB23006526EA /* Bubble.swift */; };
/* End PBXBuildFile section */

/* Begin PBXFileReference section */
		0B19BA840F2E0CB256E1F3B8 /* Pods-Bubbles App.release.xcconfig */ = {isa = PBXFileReference; includeInIndex = 1; lastKnownFileType = text.xcconfig; name = "Pods-Bubbles App.release.xcconfig"; path = "Target Support Files/Pods-Bubbles App/Pods-Bubbles App.release.xcconfig"; sourceTree = "<group>"; };
		192D706E226BB2BD00AE7402 /* art.scnassets */ = {isa = PBXFileReference; lastKnownFileType = wrapper.scnassets; path = art.scnassets; sourceTree = "<group>"; };
		19651BC722679D7900ABC88A /* Connection.swift */ = {isa = PBXFileReference; lastKnownFileType = sourcecode.swift; path = Connection.swift; sourceTree = "<group>"; };
		9E2649393DBCB622B860B3EA /* Pods-Bubbles App.debug.xcconfig */ = {isa = PBXFileReference; includeInIndex = 1; lastKnownFileType = text.xcconfig; name = "Pods-Bubbles App.debug.xcconfig"; path = "Pods/Target Support Files/Pods-Bubbles App/Pods-Bubbles App.debug.xcconfig"; sourceTree = "<group>"; };
		A788A3B5A627B8616D380F0B /* Pods_Bubbles_App.framework */ = {isa = PBXFileReference; explicitFileType = wrapper.framework; includeInIndex = 0; path = Pods_Bubbles_App.framework; sourceTree = BUILT_PRODUCTS_DIR; };
		E32626C3B1305099EE1F2720 /* Pods-Bubbles App.debug.xcconfig */ = {isa = PBXFileReference; includeInIndex = 1; lastKnownFileType = text.xcconfig; name = "Pods-Bubbles App.debug.xcconfig"; path = "Target Support Files/Pods-Bubbles App/Pods-Bubbles App.debug.xcconfig"; sourceTree = "<group>"; };
		E856AAB42261046400F59F37 /* ConfigViewController.swift */ = {isa = PBXFileReference; lastKnownFileType = sourcecode.swift; path = ConfigViewController.swift; sourceTree = "<group>"; };
		E883781C224FA60A003737C0 /* GoogleService-Info.plist */ = {isa = PBXFileReference; fileEncoding = 4; lastKnownFileType = text.plist.xml; path = "GoogleService-Info.plist"; sourceTree = "<group>"; };
		E8CDC1A5224EBA96006526EA /* Bubbles App.app */ = {isa = PBXFileReference; explicitFileType = wrapper.application; includeInIndex = 0; path = "Bubbles App.app"; sourceTree = BUILT_PRODUCTS_DIR; };
		E8CDC1A8224EBA96006526EA /* AppDelegate.swift */ = {isa = PBXFileReference; lastKnownFileType = sourcecode.swift; path = AppDelegate.swift; sourceTree = "<group>"; };
		E8CDC1AA224EBA96006526EA /* ViewController.swift */ = {isa = PBXFileReference; lastKnownFileType = sourcecode.swift; path = ViewController.swift; sourceTree = "<group>"; };
		E8CDC1AD224EBA96006526EA /* Base */ = {isa = PBXFileReference; lastKnownFileType = file.storyboard; name = Base; path = Base.lproj/Main.storyboard; sourceTree = "<group>"; };
		E8CDC1AF224EBA9C006526EA /* Assets.xcassets */ = {isa = PBXFileReference; lastKnownFileType = folder.assetcatalog; path = Assets.xcassets; sourceTree = "<group>"; };
		E8CDC1B2224EBA9C006526EA /* Base */ = {isa = PBXFileReference; lastKnownFileType = file.storyboard; name = Base; path = Base.lproj/LaunchScreen.storyboard; sourceTree = "<group>"; };
		E8CDC1B4224EBA9C006526EA /* Info.plist */ = {isa = PBXFileReference; lastKnownFileType = text.plist.xml; path = Info.plist; sourceTree = "<group>"; };
		E8CDC1BA224EBB22006526EA /* Options.swift */ = {isa = PBXFileReference; fileEncoding = 4; lastKnownFileType = sourcecode.swift; path = Options.swift; sourceTree = "<group>"; };
		E8CDC1BB224EBB22006526EA /* PhotoView.swift */ = {isa = PBXFileReference; fileEncoding = 4; lastKnownFileType = sourcecode.swift; path = PhotoView.swift; sourceTree = "<group>"; };
		E8CDC1BC224EBB22006526EA /* Tutorial.swift */ = {isa = PBXFileReference; fileEncoding = 4; lastKnownFileType = sourcecode.swift; path = Tutorial.swift; sourceTree = "<group>"; };
		E8CDC1BD224EBB22006526EA /* ColorPicker.swift */ = {isa = PBXFileReference; fileEncoding = 4; lastKnownFileType = sourcecode.swift; path = ColorPicker.swift; sourceTree = "<group>"; };
		E8CDC1BE224EBB22006526EA /* Utils.swift */ = {isa = PBXFileReference; fileEncoding = 4; lastKnownFileType = sourcecode.swift; path = Utils.swift; sourceTree = "<group>"; };
		E8CDC1BF224EBB22006526EA /* BblExplosionParticle.swift */ = {isa = PBXFileReference; fileEncoding = 4; lastKnownFileType = sourcecode.swift; path = BblExplosionParticle.swift; sourceTree = "<group>"; };
		E8CDC1C0224EBB23006526EA /* Bubble.swift */ = {isa = PBXFileReference; fileEncoding = 4; lastKnownFileType = sourcecode.swift; path = Bubble.swift; sourceTree = "<group>"; };
		EE4206A159D0706C973E1836 /* Pods-Bubbles App.release.xcconfig */ = {isa = PBXFileReference; includeInIndex = 1; lastKnownFileType = text.xcconfig; name = "Pods-Bubbles App.release.xcconfig"; path = "Pods/Target Support Files/Pods-Bubbles App/Pods-Bubbles App.release.xcconfig"; sourceTree = "<group>"; };
/* End PBXFileReference section */

/* Begin PBXFrameworksBuildPhase section */
		E8CDC1A2224EBA96006526EA /* Frameworks */ = {
			isa = PBXFrameworksBuildPhase;
			buildActionMask = 2147483647;
			files = (
				724BAC2341C66431ECDA28E3 /* Pods_Bubbles_App.framework in Frameworks */,
			);
			runOnlyForDeploymentPostprocessing = 0;
		};
/* End PBXFrameworksBuildPhase section */

/* Begin PBXGroup section */
		3EBD005896BC65582FBD7F31 /* Frameworks */ = {
			isa = PBXGroup;
			children = (
				A788A3B5A627B8616D380F0B /* Pods_Bubbles_App.framework */,
			);
			name = Frameworks;
			sourceTree = "<group>";
		};
		3F008C74F41EC117F7F3893A /* Pods */ = {
			isa = PBXGroup;
			children = (
				E32626C3B1305099EE1F2720 /* Pods-Bubbles App.debug.xcconfig */,
				0B19BA840F2E0CB256E1F3B8 /* Pods-Bubbles App.release.xcconfig */,
				9E2649393DBCB622B860B3EA /* Pods-Bubbles App.debug.xcconfig */,
				EE4206A159D0706C973E1836 /* Pods-Bubbles App.release.xcconfig */,
			);
			path = Pods;
			sourceTree = "<group>";
		};
		E84F1BB42257D2630022901E /* nodes */ = {
			isa = PBXGroup;
			children = (
				E8CDC1BF224EBB22006526EA /* BblExplosionParticle.swift */,
				E8CDC1C0224EBB23006526EA /* Bubble.swift */,
			);
			path = nodes;
			sourceTree = "<group>";
		};
		E8CDC19C224EBA96006526EA = {
			isa = PBXGroup;
			children = (
				E8CDC1A7224EBA96006526EA /* Bubbles App */,
				E8CDC1A6224EBA96006526EA /* Products */,
				3F008C74F41EC117F7F3893A /* Pods */,
				3EBD005896BC65582FBD7F31 /* Frameworks */,
			);
			sourceTree = "<group>";
		};
		E8CDC1A6224EBA96006526EA /* Products */ = {
			isa = PBXGroup;
			children = (
				E8CDC1A5224EBA96006526EA /* Bubbles App.app */,
			);
			name = Products;
			sourceTree = "<group>";
		};
		E8CDC1A7224EBA96006526EA /* Bubbles App */ = {
			isa = PBXGroup;
			children = (
				192D706E226BB2BD00AE7402 /* art.scnassets */,
				E84F1BB42257D2630022901E /* nodes */,
				E883781C224FA60A003737C0 /* GoogleService-Info.plist */,
				E8CDC1A8224EBA96006526EA /* AppDelegate.swift */,
				19651BC722679D7900ABC88A /* Connection.swift */,
				E8CDC1AA224EBA96006526EA /* ViewController.swift */,
				E856AAB42261046400F59F37 /* ConfigViewController.swift */,
				E8CDC1AC224EBA96006526EA /* Main.storyboard */,
				E8CDC1BD224EBB22006526EA /* ColorPicker.swift */,
				E8CDC1BA224EBB22006526EA /* Options.swift */,
				E8CDC1BB224EBB22006526EA /* PhotoView.swift */,
				E8CDC1BC224EBB22006526EA /* Tutorial.swift */,
				E8CDC1BE224EBB22006526EA /* Utils.swift */,
				E8CDC1AF224EBA9C006526EA /* Assets.xcassets */,
				E8CDC1B1224EBA9C006526EA /* LaunchScreen.storyboard */,
				E8CDC1B4224EBA9C006526EA /* Info.plist */,
			);
			path = "Bubbles App";
			sourceTree = "<group>";
		};
/* End PBXGroup section */

/* Begin PBXNativeTarget section */
		E8CDC1A4224EBA96006526EA /* Bubbles App */ = {
			isa = PBXNativeTarget;
			buildConfigurationList = E8CDC1B7224EBA9C006526EA /* Build configuration list for PBXNativeTarget "Bubbles App" */;
			buildPhases = (
				B883C4CAA41F2DFE45E8877D /* [CP] Check Pods Manifest.lock */,
				E8CDC1A1224EBA96006526EA /* Sources */,
				E8CDC1A2224EBA96006526EA /* Frameworks */,
				E8CDC1A3224EBA96006526EA /* Resources */,
				F4E19E2774C4AB3AF4B42029 /* [CP] Embed Pods Frameworks */,
			);
			buildRules = (
			);
			dependencies = (
			);
			name = "Bubbles App";
			productName = "Bubbles App";
			productReference = E8CDC1A5224EBA96006526EA /* Bubbles App.app */;
			productType = "com.apple.product-type.application";
		};
/* End PBXNativeTarget section */

/* Begin PBXProject section */
		E8CDC19D224EBA96006526EA /* Project object */ = {
			isa = PBXProject;
			attributes = {
				LastSwiftUpdateCheck = 1010;
				LastUpgradeCheck = 1010;
				ORGANIZATIONNAME = pastre;
				TargetAttributes = {
					E8CDC1A4224EBA96006526EA = {
						CreatedOnToolsVersion = 10.1;
					};
				};
			};
			buildConfigurationList = E8CDC1A0224EBA96006526EA /* Build configuration list for PBXProject "Bubbles App" */;
			compatibilityVersion = "Xcode 9.3";
			developmentRegion = en;
			hasScannedForEncodings = 0;
			knownRegions = (
				en,
				Base,
			);
			mainGroup = E8CDC19C224EBA96006526EA;
			productRefGroup = E8CDC1A6224EBA96006526EA /* Products */;
			projectDirPath = "";
			projectRoot = "";
			targets = (
				E8CDC1A4224EBA96006526EA /* Bubbles App */,
			);
		};
/* End PBXProject section */

/* Begin PBXResourcesBuildPhase section */
		E8CDC1A3224EBA96006526EA /* Resources */ = {
			isa = PBXResourcesBuildPhase;
			buildActionMask = 2147483647;
			files = (
				E8CDC1B3224EBA9C006526EA /* LaunchScreen.storyboard in Resources */,
				E883781D224FA60A003737C0 /* GoogleService-Info.plist in Resources */,
				192D706F226BB2BD00AE7402 /* art.scnassets in Resources */,
				E8CDC1B0224EBA9C006526EA /* Assets.xcassets in Resources */,
				E8CDC1AE224EBA96006526EA /* Main.storyboard in Resources */,
			);
			runOnlyForDeploymentPostprocessing = 0;
		};
/* End PBXResourcesBuildPhase section */

/* Begin PBXShellScriptBuildPhase section */
		B883C4CAA41F2DFE45E8877D /* [CP] Check Pods Manifest.lock */ = {
			isa = PBXShellScriptBuildPhase;
			buildActionMask = 2147483647;
			files = (
			);
			inputFileListPaths = (
			);
			inputPaths = (
				"${PODS_PODFILE_DIR_PATH}/Podfile.lock",
				"${PODS_ROOT}/Manifest.lock",
			);
			name = "[CP] Check Pods Manifest.lock";
			outputFileListPaths = (
			);
			outputPaths = (
				"$(DERIVED_FILE_DIR)/Pods-Bubbles App-checkManifestLockResult.txt",
			);
			runOnlyForDeploymentPostprocessing = 0;
			shellPath = /bin/sh;
			shellScript = "diff \"${PODS_PODFILE_DIR_PATH}/Podfile.lock\" \"${PODS_ROOT}/Manifest.lock\" > /dev/null\nif [ $? != 0 ] ; then\n    # print error to STDERR\n    echo \"error: The sandbox is not in sync with the Podfile.lock. Run 'pod install' or update your CocoaPods installation.\" >&2\n    exit 1\nfi\n# This output is used by Xcode 'outputs' to avoid re-running this script phase.\necho \"SUCCESS\" > \"${SCRIPT_OUTPUT_FILE_0}\"\n";
			showEnvVarsInLog = 0;
		};
		F4E19E2774C4AB3AF4B42029 /* [CP] Embed Pods Frameworks */ = {
			isa = PBXShellScriptBuildPhase;
			buildActionMask = 2147483647;
			files = (
			);
			inputFileListPaths = (
			);
			inputPaths = (
				"${PODS_ROOT}/Target Support Files/Pods-Bubbles App/Pods-Bubbles App-frameworks.sh",
				"${BUILT_PRODUCTS_DIR}/BlueSocket/Socket.framework",
				"${BUILT_PRODUCTS_DIR}/GoogleUtilities/GoogleUtilities.framework",
				"${BUILT_PRODUCTS_DIR}/nanopb/nanopb.framework",
			);
			name = "[CP] Embed Pods Frameworks";
			outputFileListPaths = (
			);
			outputPaths = (
				"${TARGET_BUILD_DIR}/${FRAMEWORKS_FOLDER_PATH}/Socket.framework",
				"${TARGET_BUILD_DIR}/${FRAMEWORKS_FOLDER_PATH}/GoogleUtilities.framework",
				"${TARGET_BUILD_DIR}/${FRAMEWORKS_FOLDER_PATH}/nanopb.framework",
			);
			runOnlyForDeploymentPostprocessing = 0;
			shellPath = /bin/sh;
			shellScript = "\"${PODS_ROOT}/Target Support Files/Pods-Bubbles App/Pods-Bubbles App-frameworks.sh\"\n";
			showEnvVarsInLog = 0;
		};
/* End PBXShellScriptBuildPhase section */

/* Begin PBXSourcesBuildPhase section */
		E8CDC1A1224EBA96006526EA /* Sources */ = {
			isa = PBXSourcesBuildPhase;
			buildActionMask = 2147483647;
			files = (
				E8CDC1C3224EBB23006526EA /* PhotoView.swift in Sources */,
				19651BC822679D7900ABC88A /* Connection.swift in Sources */,
				E8CDC1C8224EBB23006526EA /* Bubble.swift in Sources */,
				E8CDC1AB224EBA96006526EA /* ViewController.swift in Sources */,
				E8CDC1C7224EBB23006526EA /* BblExplosionParticle.swift in Sources */,
				E8CDC1C2224EBB23006526EA /* Options.swift in Sources */,
				E8CDC1C6224EBB23006526EA /* Utils.swift in Sources */,
				E8CDC1A9224EBA96006526EA /* AppDelegate.swift in Sources */,
				E8CDC1C4224EBB23006526EA /* Tutorial.swift in Sources */,
				E856AAB52261046400F59F37 /* ConfigViewController.swift in Sources */,
				E8CDC1C5224EBB23006526EA /* ColorPicker.swift in Sources */,
			);
			runOnlyForDeploymentPostprocessing = 0;
		};
/* End PBXSourcesBuildPhase section */

/* Begin PBXVariantGroup section */
		E8CDC1AC224EBA96006526EA /* Main.storyboard */ = {
			isa = PBXVariantGroup;
			children = (
				E8CDC1AD224EBA96006526EA /* Base */,
			);
			name = Main.storyboard;
			sourceTree = "<group>";
		};
		E8CDC1B1224EBA9C006526EA /* LaunchScreen.storyboard */ = {
			isa = PBXVariantGroup;
			children = (
				E8CDC1B2224EBA9C006526EA /* Base */,
			);
			name = LaunchScreen.storyboard;
			sourceTree = "<group>";
		};
/* End PBXVariantGroup section */

/* Begin XCBuildConfiguration section */
		E8CDC1B5224EBA9C006526EA /* Debug */ = {
			isa = XCBuildConfiguration;
			buildSettings = {
				ALWAYS_EMBED_SWIFT_STANDARD_LIBRARIES = YES;
				ALWAYS_SEARCH_USER_PATHS = NO;
				CLANG_ANALYZER_NONNULL = YES;
				CLANG_ANALYZER_NUMBER_OBJECT_CONVERSION = YES_AGGRESSIVE;
				CLANG_CXX_LANGUAGE_STANDARD = "gnu++14";
				CLANG_CXX_LIBRARY = "libc++";
				CLANG_ENABLE_MODULES = YES;
				CLANG_ENABLE_OBJC_ARC = YES;
				CLANG_ENABLE_OBJC_WEAK = YES;
				CLANG_WARN_BLOCK_CAPTURE_AUTORELEASING = YES;
				CLANG_WARN_BOOL_CONVERSION = YES;
				CLANG_WARN_COMMA = YES;
				CLANG_WARN_CONSTANT_CONVERSION = YES;
				CLANG_WARN_DEPRECATED_OBJC_IMPLEMENTATIONS = YES;
				CLANG_WARN_DIRECT_OBJC_ISA_USAGE = YES_ERROR;
				CLANG_WARN_DOCUMENTATION_COMMENTS = YES;
				CLANG_WARN_EMPTY_BODY = YES;
				CLANG_WARN_ENUM_CONVERSION = YES;
				CLANG_WARN_INFINITE_RECURSION = YES;
				CLANG_WARN_INT_CONVERSION = YES;
				CLANG_WARN_NON_LITERAL_NULL_CONVERSION = YES;
				CLANG_WARN_OBJC_IMPLICIT_RETAIN_SELF = YES;
				CLANG_WARN_OBJC_LITERAL_CONVERSION = YES;
				CLANG_WARN_OBJC_ROOT_CLASS = YES_ERROR;
				CLANG_WARN_RANGE_LOOP_ANALYSIS = YES;
				CLANG_WARN_STRICT_PROTOTYPES = YES;
				CLANG_WARN_SUSPICIOUS_MOVE = YES;
				CLANG_WARN_UNGUARDED_AVAILABILITY = YES_AGGRESSIVE;
				CLANG_WARN_UNREACHABLE_CODE = YES;
				CLANG_WARN__DUPLICATE_METHOD_MATCH = YES;
				CODE_SIGN_IDENTITY = "iPhone Developer";
				COPY_PHASE_STRIP = NO;
				DEBUG_INFORMATION_FORMAT = dwarf;
				ENABLE_STRICT_OBJC_MSGSEND = YES;
				ENABLE_TESTABILITY = YES;
				GCC_C_LANGUAGE_STANDARD = gnu11;
				GCC_DYNAMIC_NO_PIC = NO;
				GCC_NO_COMMON_BLOCKS = YES;
				GCC_OPTIMIZATION_LEVEL = 0;
				GCC_PREPROCESSOR_DEFINITIONS = (
					"DEBUG=1",
					"$(inherited)",
				);
				GCC_WARN_64_TO_32_BIT_CONVERSION = YES;
				GCC_WARN_ABOUT_RETURN_TYPE = YES_ERROR;
				GCC_WARN_UNDECLARED_SELECTOR = YES;
				GCC_WARN_UNINITIALIZED_AUTOS = YES_AGGRESSIVE;
				GCC_WARN_UNUSED_FUNCTION = YES;
				GCC_WARN_UNUSED_VARIABLE = YES;
				IPHONEOS_DEPLOYMENT_TARGET = 12.1;
				MTL_ENABLE_DEBUG_INFO = INCLUDE_SOURCE;
				MTL_FAST_MATH = YES;
				ONLY_ACTIVE_ARCH = YES;
				SDKROOT = iphoneos;
				SWIFT_ACTIVE_COMPILATION_CONDITIONS = DEBUG;
				SWIFT_OPTIMIZATION_LEVEL = "-Onone";
			};
			name = Debug;
		};
		E8CDC1B6224EBA9C006526EA /* Release */ = {
			isa = XCBuildConfiguration;
			buildSettings = {
				ALWAYS_EMBED_SWIFT_STANDARD_LIBRARIES = YES;
				ALWAYS_SEARCH_USER_PATHS = NO;
				CLANG_ANALYZER_NONNULL = YES;
				CLANG_ANALYZER_NUMBER_OBJECT_CONVERSION = YES_AGGRESSIVE;
				CLANG_CXX_LANGUAGE_STANDARD = "gnu++14";
				CLANG_CXX_LIBRARY = "libc++";
				CLANG_ENABLE_MODULES = YES;
				CLANG_ENABLE_OBJC_ARC = YES;
				CLANG_ENABLE_OBJC_WEAK = YES;
				CLANG_WARN_BLOCK_CAPTURE_AUTORELEASING = YES;
				CLANG_WARN_BOOL_CONVERSION = YES;
				CLANG_WARN_COMMA = YES;
				CLANG_WARN_CONSTANT_CONVERSION = YES;
				CLANG_WARN_DEPRECATED_OBJC_IMPLEMENTATIONS = YES;
				CLANG_WARN_DIRECT_OBJC_ISA_USAGE = YES_ERROR;
				CLANG_WARN_DOCUMENTATION_COMMENTS = YES;
				CLANG_WARN_EMPTY_BODY = YES;
				CLANG_WARN_ENUM_CONVERSION = YES;
				CLANG_WARN_INFINITE_RECURSION = YES;
				CLANG_WARN_INT_CONVERSION = YES;
				CLANG_WARN_NON_LITERAL_NULL_CONVERSION = YES;
				CLANG_WARN_OBJC_IMPLICIT_RETAIN_SELF = YES;
				CLANG_WARN_OBJC_LITERAL_CONVERSION = YES;
				CLANG_WARN_OBJC_ROOT_CLASS = YES_ERROR;
				CLANG_WARN_RANGE_LOOP_ANALYSIS = YES;
				CLANG_WARN_STRICT_PROTOTYPES = YES;
				CLANG_WARN_SUSPICIOUS_MOVE = YES;
				CLANG_WARN_UNGUARDED_AVAILABILITY = YES_AGGRESSIVE;
				CLANG_WARN_UNREACHABLE_CODE = YES;
				CLANG_WARN__DUPLICATE_METHOD_MATCH = YES;
				CODE_SIGN_IDENTITY = "iPhone Developer";
				COPY_PHASE_STRIP = NO;
				DEBUG_INFORMATION_FORMAT = "dwarf-with-dsym";
				ENABLE_NS_ASSERTIONS = NO;
				ENABLE_STRICT_OBJC_MSGSEND = YES;
				GCC_C_LANGUAGE_STANDARD = gnu11;
				GCC_NO_COMMON_BLOCKS = YES;
				GCC_WARN_64_TO_32_BIT_CONVERSION = YES;
				GCC_WARN_ABOUT_RETURN_TYPE = YES_ERROR;
				GCC_WARN_UNDECLARED_SELECTOR = YES;
				GCC_WARN_UNINITIALIZED_AUTOS = YES_AGGRESSIVE;
				GCC_WARN_UNUSED_FUNCTION = YES;
				GCC_WARN_UNUSED_VARIABLE = YES;
				IPHONEOS_DEPLOYMENT_TARGET = 12.1;
				MTL_ENABLE_DEBUG_INFO = NO;
				MTL_FAST_MATH = YES;
				SDKROOT = iphoneos;
				SWIFT_COMPILATION_MODE = wholemodule;
				SWIFT_OPTIMIZATION_LEVEL = "-O";
				VALIDATE_PRODUCT = YES;
			};
			name = Release;
		};
		E8CDC1B8224EBA9C006526EA /* Debug */ = {
			isa = XCBuildConfiguration;
			baseConfigurationReference = E32626C3B1305099EE1F2720 /* Pods-Bubbles App.debug.xcconfig */;
			buildSettings = {
				ASSETCATALOG_COMPILER_APPICON_NAME = AppIcon;
				CODE_SIGN_IDENTITY = "iPhone Developer";
				CODE_SIGN_STYLE = Automatic;
				DEVELOPMENT_TEAM = QM43B7QRF9;
				INFOPLIST_FILE = "Bubbles App/Info.plist";
				IPHONEOS_DEPLOYMENT_TARGET = 12.1;
				LD_RUNPATH_SEARCH_PATHS = (
					"$(inherited)",
					"@executable_path/Frameworks",
				);
				PRODUCT_BUNDLE_IDENTIFIER = io.github.pastre.bubbles;
				PRODUCT_NAME = "$(TARGET_NAME)";
				PROVISIONING_PROFILE_SPECIFIER = "";
				SWIFT_VERSION = 4.2;
				TARGETED_DEVICE_FAMILY = "1,2";
			};
			name = Debug;
		};
		E8CDC1B9224EBA9C006526EA /* Release */ = {
			isa = XCBuildConfiguration;
			baseConfigurationReference = 0B19BA840F2E0CB256E1F3B8 /* Pods-Bubbles App.release.xcconfig */;
			buildSettings = {
				ASSETCATALOG_COMPILER_APPICON_NAME = AppIcon;
				CODE_SIGN_IDENTITY = "iPhone Developer";
				CODE_SIGN_STYLE = Automatic;
				DEVELOPMENT_TEAM = QM43B7QRF9;
				INFOPLIST_FILE = "Bubbles App/Info.plist";
				IPHONEOS_DEPLOYMENT_TARGET = 12.1;
				LD_RUNPATH_SEARCH_PATHS = (
					"$(inherited)",
					"@executable_path/Frameworks",
				);
				PRODUCT_BUNDLE_IDENTIFIER = io.github.pastre.bubbles;
				PRODUCT_NAME = "$(TARGET_NAME)";
				PROVISIONING_PROFILE_SPECIFIER = "";
				SWIFT_VERSION = 4.2;
				TARGETED_DEVICE_FAMILY = "1,2";
			};
			name = Release;
		};
/* End XCBuildConfiguration section */

/* Begin XCConfigurationList section */
		E8CDC1A0224EBA96006526EA /* Build configuration list for PBXProject "Bubbles App" */ = {
			isa = XCConfigurationList;
			buildConfigurations = (
				E8CDC1B5224EBA9C006526EA /* Debug */,
				E8CDC1B6224EBA9C006526EA /* Release */,
			);
			defaultConfigurationIsVisible = 0;
			defaultConfigurationName = Release;
		};
		E8CDC1B7224EBA9C006526EA /* Build configuration list for PBXNativeTarget "Bubbles App" */ = {
			isa = XCConfigurationList;
			buildConfigurations = (
				E8CDC1B8224EBA9C006526EA /* Debug */,
				E8CDC1B9224EBA9C006526EA /* Release */,
			);
			defaultConfigurationIsVisible = 0;
			defaultConfigurationName = Release;
		};
/* End XCConfigurationList section */
	};
	rootObject = E8CDC19D224EBA96006526EA /* Project object */;
}
